# Designer Lock

Owner: designer
Agent: Claude
Editable-by: designer
Status: active
Updated-at: 2026-05-07T13:35:58+02:00

Active scopes:
- /home/li/primary/skills/reporting.md — consolidate reporting discipline into skills/reporting.md; trim lore/AGENTS to pointers
- /home/li/primary/AGENTS.md — consolidate reporting discipline into skills/reporting.md; trim lore/AGENTS to pointers
- /home/li/primary/protocols/orchestration.md — consolidate reporting discipline into skills/reporting.md; trim lore/AGENTS to pointers
- /git/github.com/ligoldragon/lore/AGENTS.md — consolidate reporting discipline into skills/reporting.md; trim lore/AGENTS to pointers

Notes:
- Managed by the workspace Orchestration Protocol.
- Every lock write reads all role lock files and open BEADS tasks.
