# Designer Lock

Owner: designer
Agent: Claude
Editable-by: designer
Status: active
Updated-at: 2026-05-07T13:17:06+02:00

Active scopes:
- /home/li/primary/ESSENCE.md — polling forbidden — strengthen ESSENCE, simplify skill to point at it
- /home/li/primary/skills/push-not-pull.md — polling forbidden — strengthen ESSENCE, simplify skill to point at it

Notes:
- Managed by the workspace Orchestration Protocol.
- Every lock write reads all role lock files and open BEADS tasks.
