/home/li/primary/tools/orchestrate # redesign lock-file format
/home/li/primary/protocols/orchestration.md # redesign lock-file format
/home/li/primary/skills/autonomous-agent.md # redesign lock-file format
/home/li/primary/operator.lock # redesign lock-file format
/home/li/primary/designer.lock # redesign lock-file format
/home/li/primary/system-specialist.lock # redesign lock-file format
/home/li/primary/poet.lock # redesign lock-file format
