{
  "nodes": {
    "curriculum": {
      "flake": false,
      "locked": {
        "lastModified": 1791607593,
        "narHash": "sha256-LsyGlUERtPuzH53lwmt+n3KcSaP74IwTlH/1SYbkUHI=",
        "owner": "LiGoldragon",
        "repo": "Curriculum",
        "rev": "c86bc953e391cf178e3fc49dbc8f73498ba10839",
        "type": "github"
      },
      "original": {
        "owner": "LiGoldragon",
        "repo": "Curriculum",
        "rev": "c86bc953e391cf178e3fc49dbc8f73498ba10839",
        "type": "github"
      }
    },
    "dotos": {
      "flake": false,
      "locked": {
        "lastModified": 1785528684,
        "narHash": "sha256-YGcJvgDJPuxw0+mWRKUcsc+EKKu9rDH4Tj4v2FNYvdU=",
        "owner": "LiGoldragon",
        "repo": "dotos",
        "rev": "e19699933dabd09842c4423d15a704ce3d48b493",
        "type": "github"
      },
      "original": {
        "owner": "LiGoldragon",
        "repo": "dotos",
        "rev": "e19699933dabd09842c4423d15a704ce3d48b493",
        "type": "github"
      }
    },
    "dotos-config": {
      "flake": false,
      "locked": {
        "lastModified": 1785523989,
        "narHash": "sha256-pi3ecBbklYHaPrYqRaFWqNdZT59kdK1vNZeoKxmu5L0=",
        "owner": "LiGoldragon",
        "repo": "dotos-config",
        "rev": "4fbf66d82c645d113ed7c3448c05218d1c8d7095",
        "type": "github"
      },
      "original": {
        "owner": "LiGoldragon",
        "repo": "dotos-config",
        "rev": "4fbf66d82c645d113ed7c3448c05218d1c8d7095",
        "type": "github"
      }
    },
    "dotos-text-query": {
      "flake": false,
      "locked": {
        "lastModified": 1785524168,
        "narHash": "sha256-lXeTsBrneiSaNAlKhbOopJTIXB+U7S9St3sowUMpa4E=",
        "owner": "LiGoldragon",
        "repo": "dotos-text-query",
        "rev": "acf6b4b935443602f0bf575adfb22e974c5dde53",
        "type": "github"
      },
      "original": {
        "owner": "LiGoldragon",
        "repo": "dotos-text-query",
        "rev": "acf6b4b935443602f0bf575adfb22e974c5dde53",
        "type": "github"
      }
    },
    "field-skills": {
      "flake": false,
      "locked": {
        "lastModified": 1791577032,
        "narHash": "sha256-X44+3tx0Rk6DfR4r2wBWfDyR4MRrFIqZRcul8SYnOO0=",
        "owner": "LiGoldragon",
        "repo": "field-skills",
        "rev": "d7225ae236a1697cb47c99c5c666a025d932f80a",
        "type": "github"
      },
      "original": {
        "owner": "LiGoldragon",
        "repo": "field-skills",
        "rev": "d7225ae236a1697cb47c99c5c666a025d932f80a",
        "type": "github"
      }
    },
    "flow": {
      "flake": false,
      "locked": {
        "lastModified": 1791398643,
        "narHash": "sha256-szCZo8Th7FPWGNBh1+qfyr/XGxL/jKIKBZ//uXURObg=",
        "owner": "LiGoldragon",
        "repo": "flow",
        "rev": "ac6ab64193f3c4a43009db5a343284977bd33ea7",
        "type": "github"
      },
      "original": {
        "owner": "LiGoldragon",
        "repo": "flow",
        "rev": "ac6ab64193f3c4a43009db5a343284977bd33ea7",
        "type": "github"
      }
    },
    "mind-skills": {
      "flake": false,
      "locked": {
        "lastModified": 1791647270,
        "narHash": "sha256-LVyIUS1hdzbWmK5968B/ser0ceMKJDScP7YoXkQiZi8=",
        "owner": "LiGoldragon",
        "repo": "mind-skills",
        "rev": "2b206b770ec274f947bf56176b17f9678fa629da",
        "type": "github"
      },
      "original": {
        "owner": "LiGoldragon",
        "repo": "mind-skills",
        "rev": "2b206b770ec274f947bf56176b17f9678fa629da",
        "type": "github"
      }
    },
    "nixpkgs": {
      "locked": {
        "lastModified": 1786556369,
        "narHash": "sha256-DAy0vG10M/PpQv/DhzaxHsYI7DQXeGHHocb1imZR0kQ=",
        "owner": "NixOS",
        "repo": "nixpkgs",
        "rev": "2d1e72b652ee13fd1297641ce735e06416d22827",
        "type": "github"
      },
      "original": {
        "owner": "NixOS",
        "repo": "nixpkgs",
        "rev": "2d1e72b652ee13fd1297641ce735e06416d22827",
        "type": "github"
      }
    },
    "psyche-skills": {
      "flake": false,
      "locked": {
        "lastModified": 1791646897,
        "narHash": "sha256-GV1MKVPqEvpnOQHTtZjZvaVQp1eueQ6VrP/73nsfbq4=",
        "owner": "LiGoldragon",
        "repo": "psyche-skills",
        "rev": "9fb0433dffe74a407fa879544290dbc7bde873f7",
        "type": "github"
      },
      "original": {
        "owner": "LiGoldragon",
        "repo": "psyche-skills",
        "rev": "9fb0433dffe74a407fa879544290dbc7bde873f7",
        "type": "github"
      }
    },
    "root": {
      "inputs": {
        "curriculum": "curriculum",
        "dotos": "dotos",
        "dotos-config": "dotos-config",
        "dotos-text-query": "dotos-text-query",
        "field-skills": "field-skills",
        "flow": "flow",
        "mind-skills": "mind-skills",
        "nixpkgs": "nixpkgs",
        "psyche-skills": "psyche-skills",
        "tree-sitter-dotos": "tree-sitter-dotos"
      }
    },
    "tree-sitter-dotos": {
      "flake": false,
      "locked": {
        "lastModified": 1785527227,
        "narHash": "sha256-pYfrpU2jJxHy/rISGWGkOOR1Jsv+/UARgekejckFkOg=",
        "owner": "LiGoldragon",
        "repo": "tree-sitter-dotos",
        "rev": "a00d147463e0ba620e17e186803217e86487bce2",
        "type": "github"
      },
      "original": {
        "owner": "LiGoldragon",
        "repo": "tree-sitter-dotos",
        "rev": "a00d147463e0ba620e17e186803217e86487bce2",
        "type": "github"
      }
    }
  },
  "root": "root",
  "version": 7
}
