{
  "nodes": {
    "crane": {
      "locked": {
        "lastModified": 1780532242,
        "narHash": "sha256-D+BsdpxmtUwtqGoY0IXPhHgTlmqgcZKCEo1oMyn7ep0=",
        "owner": "ipetkov",
        "repo": "crane",
        "rev": "59a82a1222dd3b2080b5cc52a1a2e8d5f1b77f37",
        "type": "github"
      },
      "original": {
        "owner": "ipetkov",
        "repo": "crane",
        "type": "github"
      }
    },
    "curriculum": {
      "flake": false,
      "locked": {
        "lastModified": 1788032678,
        "narHash": "sha256-0pB3TFDrtwYtFLmeaXKRb8CBlkoe5WoxAkcE+tqXLW0=",
        "owner": "LiGoldragon",
        "repo": "Curriculum",
        "rev": "d30021cad1225bb659415d7fc1deb235b76eb397",
        "type": "github"
      },
      "original": {
        "owner": "LiGoldragon",
        "repo": "Curriculum",
        "rev": "d30021cad1225bb659415d7fc1deb235b76eb397",
        "type": "github"
      }
    },
    "curriculum-deploy": {
      "inputs": {
        "curriculum": [
          "curriculum"
        ],
        "flake-utils": "flake-utils",
        "nixpkgs": "nixpkgs",
        "rust-build": "rust-build"
      },
      "locked": {
        "lastModified": 1787613936,
        "narHash": "sha256-1tSqAyU+LDA6PWSaf34X3g1KXfuN/v8soO7IlBvqHG8=",
        "owner": "LiGoldragon",
        "repo": "curriculum-deploy",
        "rev": "ef35a6dc00c6df13df4f2067ab34e5f1cfc6bc08",
        "type": "github"
      },
      "original": {
        "owner": "LiGoldragon",
        "repo": "curriculum-deploy",
        "rev": "ef35a6dc00c6df13df4f2067ab34e5f1cfc6bc08",
        "type": "github"
      }
    },
    "dotos": {
      "flake": false,
      "locked": {
        "lastModified": 1785528684,
        "narHash": "sha256-YGcJvgDJPuxw0+mWRKUcsc+EKKu9rDH4Tj4v2FNYvdU=",
        "owner": "LiGoldragon",
        "repo": "dotos",
        "rev": "e19699933dabd09842c4423d15a704ce3d48b493",
        "type": "github"
      },
      "original": {
        "owner": "LiGoldragon",
        "repo": "dotos",
        "rev": "e19699933dabd09842c4423d15a704ce3d48b493",
        "type": "github"
      }
    },
    "dotos-config": {
      "flake": false,
      "locked": {
        "lastModified": 1785523989,
        "narHash": "sha256-pi3ecBbklYHaPrYqRaFWqNdZT59kdK1vNZeoKxmu5L0=",
        "owner": "LiGoldragon",
        "repo": "dotos-config",
        "rev": "4fbf66d82c645d113ed7c3448c05218d1c8d7095",
        "type": "github"
      },
      "original": {
        "owner": "LiGoldragon",
        "repo": "dotos-config",
        "rev": "4fbf66d82c645d113ed7c3448c05218d1c8d7095",
        "type": "github"
      }
    },
    "dotos-text-query": {
      "flake": false,
      "locked": {
        "lastModified": 1785524168,
        "narHash": "sha256-lXeTsBrneiSaNAlKhbOopJTIXB+U7S9St3sowUMpa4E=",
        "owner": "LiGoldragon",
        "repo": "dotos-text-query",
        "rev": "acf6b4b935443602f0bf575adfb22e974c5dde53",
        "type": "github"
      },
      "original": {
        "owner": "LiGoldragon",
        "repo": "dotos-text-query",
        "rev": "acf6b4b935443602f0bf575adfb22e974c5dde53",
        "type": "github"
      }
    },
    "fenix": {
      "inputs": {
        "nixpkgs": [
          "curriculum-deploy",
          "rust-build",
          "nixpkgs"
        ],
        "rust-analyzer-src": "rust-analyzer-src"
      },
      "locked": {
        "lastModified": 1781901863,
        "narHash": "sha256-B3GatmIZGQCnJkYoes3a5OqsMNexf0PO3fpeDJDZND4=",
        "owner": "nix-community",
        "repo": "fenix",
        "rev": "6914a98b7864cb3ef33cb0a2581f8aed3d354e48",
        "type": "github"
      },
      "original": {
        "owner": "nix-community",
        "repo": "fenix",
        "type": "github"
      }
    },
    "flake-utils": {
      "inputs": {
        "systems": "systems"
      },
      "locked": {
        "lastModified": 1731533236,
        "narHash": "sha256-l0KFg5HjrsfsO/JpG+r7fRrqm12kzFHyUHqHCVpMMbI=",
        "owner": "numtide",
        "repo": "flake-utils",
        "rev": "11707dc2f618dd54ca8739b309ec4fc024de578b",
        "type": "github"
      },
      "original": {
        "owner": "numtide",
        "repo": "flake-utils",
        "type": "github"
      }
    },
    "flake-utils_2": {
      "inputs": {
        "systems": "systems_2"
      },
      "locked": {
        "lastModified": 1731533236,
        "narHash": "sha256-l0KFg5HjrsfsO/JpG+r7fRrqm12kzFHyUHqHCVpMMbI=",
        "owner": "numtide",
        "repo": "flake-utils",
        "rev": "11707dc2f618dd54ca8739b309ec4fc024de578b",
        "type": "github"
      },
      "original": {
        "owner": "numtide",
        "repo": "flake-utils",
        "type": "github"
      }
    },
    "nixpkgs": {
      "locked": {
        "lastModified": 1786556369,
        "narHash": "sha256-DAy0vG10M/PpQv/DhzaxHsYI7DQXeGHHocb1imZR0kQ=",
        "owner": "NixOS",
        "repo": "nixpkgs",
        "rev": "2d1e72b652ee13fd1297641ce735e06416d22827",
        "type": "github"
      },
      "original": {
        "owner": "NixOS",
        "repo": "nixpkgs",
        "rev": "2d1e72b652ee13fd1297641ce735e06416d22827",
        "type": "github"
      }
    },
    "root": {
      "inputs": {
        "curriculum": "curriculum",
        "curriculum-deploy": "curriculum-deploy",
        "dotos": "dotos",
        "dotos-config": "dotos-config",
        "dotos-text-query": "dotos-text-query",
        "nixpkgs": [
          "curriculum-deploy",
          "nixpkgs"
        ],
        "tree-sitter-dotos": "tree-sitter-dotos"
      }
    },
    "rust-analyzer-src": {
      "flake": false,
      "locked": {
        "lastModified": 1781714865,
        "narHash": "sha256-NIhErKpfs4EUx8N4x8yNYG8/vTzKv9cQn5QmuQI83jM=",
        "owner": "rust-lang",
        "repo": "rust-analyzer",
        "rev": "abb1301c3c14a40645bb2588b1cc858fe374b527",
        "type": "github"
      },
      "original": {
        "owner": "rust-lang",
        "ref": "nightly",
        "repo": "rust-analyzer",
        "type": "github"
      }
    },
    "rust-build": {
      "inputs": {
        "crane": "crane",
        "fenix": "fenix",
        "flake-utils": "flake-utils_2",
        "nixpkgs": [
          "curriculum-deploy",
          "nixpkgs"
        ]
      },
      "locked": {
        "lastModified": 1781903243,
        "narHash": "sha256-QTLu7a0z7fnVwt4SUyTgUKnYEcUiQCtTDRGaXv4p3H4=",
        "owner": "LiGoldragon",
        "repo": "rust-build",
        "rev": "56d18735f2034d192f63d13d2701202fd2e18cf3",
        "type": "github"
      },
      "original": {
        "owner": "LiGoldragon",
        "repo": "rust-build",
        "type": "github"
      }
    },
    "systems": {
      "locked": {
        "lastModified": 1681028828,
        "narHash": "sha256-Vy1rq5AaRuLzOxct8nz4T6wlgyUR7zLU309k9mBC768=",
        "owner": "nix-systems",
        "repo": "default",
        "rev": "da67096a3b9bf56a91d16901293e51ba5b49a27e",
        "type": "github"
      },
      "original": {
        "owner": "nix-systems",
        "repo": "default",
        "type": "github"
      }
    },
    "systems_2": {
      "locked": {
        "lastModified": 1681028828,
        "narHash": "sha256-Vy1rq5AaRuLzOxct8nz4T6wlgyUR7zLU309k9mBC768=",
        "owner": "nix-systems",
        "repo": "default",
        "rev": "da67096a3b9bf56a91d16901293e51ba5b49a27e",
        "type": "github"
      },
      "original": {
        "owner": "nix-systems",
        "repo": "default",
        "type": "github"
      }
    },
    "tree-sitter-dotos": {
      "flake": false,
      "locked": {
        "lastModified": 1785527227,
        "narHash": "sha256-pYfrpU2jJxHy/rISGWGkOOR1Jsv+/UARgekejckFkOg=",
        "owner": "LiGoldragon",
        "repo": "tree-sitter-dotos",
        "rev": "a00d147463e0ba620e17e186803217e86487bce2",
        "type": "github"
      },
      "original": {
        "owner": "LiGoldragon",
        "repo": "tree-sitter-dotos",
        "rev": "a00d147463e0ba620e17e186803217e86487bce2",
        "type": "github"
      }
    }
  },
  "root": "root",
  "version": 7
}
