{
  "nodes": {
    "curriculum": {
      "flake": false,
      "locked": {
        "lastModified": 1791400024,
        "narHash": "sha256-SczVss7wo9CHOXI4VLuCZiZJDv4rITNu4D5XJJKy2Mc=",
        "owner": "LiGoldragon",
        "repo": "Curriculum",
        "rev": "73414b693b6331e4d5398ced576b765efeed1763",
        "type": "github"
      },
      "original": {
        "owner": "LiGoldragon",
        "repo": "Curriculum",
        "rev": "73414b693b6331e4d5398ced576b765efeed1763",
        "type": "github"
      }
    },
    "dotos": {
      "flake": false,
      "locked": {
        "lastModified": 1785528684,
        "narHash": "sha256-YGcJvgDJPuxw0+mWRKUcsc+EKKu9rDH4Tj4v2FNYvdU=",
        "owner": "LiGoldragon",
        "repo": "dotos",
        "rev": "e19699933dabd09842c4423d15a704ce3d48b493",
        "type": "github"
      },
      "original": {
        "owner": "LiGoldragon",
        "repo": "dotos",
        "rev": "e19699933dabd09842c4423d15a704ce3d48b493",
        "type": "github"
      }
    },
    "dotos-config": {
      "flake": false,
      "locked": {
        "lastModified": 1785523989,
        "narHash": "sha256-pi3ecBbklYHaPrYqRaFWqNdZT59kdK1vNZeoKxmu5L0=",
        "owner": "LiGoldragon",
        "repo": "dotos-config",
        "rev": "4fbf66d82c645d113ed7c3448c05218d1c8d7095",
        "type": "github"
      },
      "original": {
        "owner": "LiGoldragon",
        "repo": "dotos-config",
        "rev": "4fbf66d82c645d113ed7c3448c05218d1c8d7095",
        "type": "github"
      }
    },
    "dotos-text-query": {
      "flake": false,
      "locked": {
        "lastModified": 1785524168,
        "narHash": "sha256-lXeTsBrneiSaNAlKhbOopJTIXB+U7S9St3sowUMpa4E=",
        "owner": "LiGoldragon",
        "repo": "dotos-text-query",
        "rev": "acf6b4b935443602f0bf575adfb22e974c5dde53",
        "type": "github"
      },
      "original": {
        "owner": "LiGoldragon",
        "repo": "dotos-text-query",
        "rev": "acf6b4b935443602f0bf575adfb22e974c5dde53",
        "type": "github"
      }
    },
    "field-skills": {
      "flake": false,
      "locked": {
        "lastModified": 1791565765,
        "narHash": "sha256-mPSgIXBeYQLh0L+qurq5bpPzAOztgZFGvIF5orEDea4=",
        "owner": "LiGoldragon",
        "repo": "field-skills",
        "rev": "abd41cc7ed4ac13a295de1a8b65b039eab4b4659",
        "type": "github"
      },
      "original": {
        "owner": "LiGoldragon",
        "repo": "field-skills",
        "rev": "abd41cc7ed4ac13a295de1a8b65b039eab4b4659",
        "type": "github"
      }
    },
    "flow": {
      "flake": false,
      "locked": {
        "lastModified": 1791398643,
        "narHash": "sha256-szCZo8Th7FPWGNBh1+qfyr/XGxL/jKIKBZ//uXURObg=",
        "owner": "LiGoldragon",
        "repo": "flow",
        "rev": "ac6ab64193f3c4a43009db5a343284977bd33ea7",
        "type": "github"
      },
      "original": {
        "owner": "LiGoldragon",
        "repo": "flow",
        "rev": "ac6ab64193f3c4a43009db5a343284977bd33ea7",
        "type": "github"
      }
    },
    "mind-skills": {
      "flake": false,
      "locked": {
        "lastModified": 1791564681,
        "narHash": "sha256-m3qxClWSQjHeaWSW72oquehzYCfYHqtVuXPztLN1irc=",
        "owner": "LiGoldragon",
        "repo": "mind-skills",
        "rev": "a36f0ca8c02844ce4f71f12a8590dcd036a79dea",
        "type": "github"
      },
      "original": {
        "owner": "LiGoldragon",
        "repo": "mind-skills",
        "rev": "a36f0ca8c02844ce4f71f12a8590dcd036a79dea",
        "type": "github"
      }
    },
    "nixpkgs": {
      "locked": {
        "lastModified": 1786556369,
        "narHash": "sha256-DAy0vG10M/PpQv/DhzaxHsYI7DQXeGHHocb1imZR0kQ=",
        "owner": "NixOS",
        "repo": "nixpkgs",
        "rev": "2d1e72b652ee13fd1297641ce735e06416d22827",
        "type": "github"
      },
      "original": {
        "owner": "NixOS",
        "repo": "nixpkgs",
        "rev": "2d1e72b652ee13fd1297641ce735e06416d22827",
        "type": "github"
      }
    },
    "psyche-skills": {
      "flake": false,
      "locked": {
        "lastModified": 1791563301,
        "narHash": "sha256-vMIG9+e580q/T/jLLqvWeMHG9gqs+S6ULcNX3CIFHdY=",
        "owner": "LiGoldragon",
        "repo": "psyche-skills",
        "rev": "6714d951b2c0732767581070ebd2ff994cf03fc0",
        "type": "github"
      },
      "original": {
        "owner": "LiGoldragon",
        "repo": "psyche-skills",
        "rev": "6714d951b2c0732767581070ebd2ff994cf03fc0",
        "type": "github"
      }
    },
    "root": {
      "inputs": {
        "curriculum": "curriculum",
        "dotos": "dotos",
        "dotos-config": "dotos-config",
        "dotos-text-query": "dotos-text-query",
        "field-skills": "field-skills",
        "flow": "flow",
        "mind-skills": "mind-skills",
        "nixpkgs": "nixpkgs",
        "psyche-skills": "psyche-skills",
        "tree-sitter-dotos": "tree-sitter-dotos"
      }
    },
    "tree-sitter-dotos": {
      "flake": false,
      "locked": {
        "lastModified": 1785527227,
        "narHash": "sha256-pYfrpU2jJxHy/rISGWGkOOR1Jsv+/UARgekejckFkOg=",
        "owner": "LiGoldragon",
        "repo": "tree-sitter-dotos",
        "rev": "a00d147463e0ba620e17e186803217e86487bce2",
        "type": "github"
      },
      "original": {
        "owner": "LiGoldragon",
        "repo": "tree-sitter-dotos",
        "rev": "a00d147463e0ba620e17e186803217e86487bce2",
        "type": "github"
      }
    }
  },
  "root": "root",
  "version": 7
}
