# Operator Lock

Owner: operator
Agent: Codex
Editable-by: operator
Status: active
Updated-at: 2026-05-07T16:14:21+02:00

Active scopes:
- /home/li/primary/repos — index Persona component repositories
- /home/li/primary/RECENT-REPOSITORIES.md — index Persona component repositories

Notes:
- Managed by the workspace Orchestration Protocol.
- Every lock write reads all role lock files and open BEADS tasks.
