# System Specialist Lock

Owner: system-specialist
Agent: (unspecified)
Editable-by: system-specialist
Status: idle
Updated-at: 2026-05-07T13:49:23+02:00

Active scopes:
- none

Notes:
- Managed by the workspace Orchestration Protocol.
- Every lock write reads all role lock files and open BEADS tasks.
